
Microsoft Visual Studio Solution File, Format Version 12.00
# Visual Studio Version 17
VisualStudioVersion = 17.9.34723.18
MinimumVisualStudioVersion = 10.0.40219.1
Project("{9A19103F-16F7-4668-BE54-9A1E7A4F7556}") = "Server", "Server\Server.csproj", "{33F57798-AE0C-4332-9DE7-3767882B5161}"
EndProject
Project("{9A19103F-16F7-4668-BE54-9A1E7A4F7556}") = "MapGeneratorTester", "MapGeneratorTester\MapGeneratorTester.csproj", "{B28F7859-038A-4837-A177-8452A1FE129A}"
EndProject
Project("{9A19103F-16F7-4668-BE54-9A1E7A4F7556}") = "Infra", "Infra\Infra.csproj", "{6A21DEFC-AAE7-42A7-A48D-227FF00E85E6}"
EndProject
Project("{9A19103F-16F7-4668-BE54-9A1E7A4F7556}") = "ReplayViewer", "ReplayViewer\ReplayViewer.csproj", "{887F1F89-0130-46AB-A2E0-B1A75C8E8288}"
EndProject
Project("{9A19103F-16F7-4668-BE54-9A1E7A4F7556}") = "Dashboard", "Dashboard\Dashboard.csproj", "{195B94C4-DBFC-4069-AFFB-7862F0E97730}"
EndProject
Project("{9A19103F-16F7-4668-BE54-9A1E7A4F7556}") = "InfraUI", "InfraUI\InfraUI.csproj", "{3081AB81-5FC5-41DE-8B51-1F944C079657}"
EndProject
Project("{9A19103F-16F7-4668-BE54-9A1E7A4F7556}") = "Interface", "Interface\Interface.csproj", "{367F2769-6C1D-496E-8E99-71187E602D18}"
EndProject
Project("{9A19103F-16F7-4668-BE54-9A1E7A4F7556}") = "Test", "Test\Test.csproj", "{9FC0D75A-6FC9-45B8-B430-0E1CACF0090E}"
EndProject
Project("{9A19103F-16F7-4668-BE54-9A1E7A4F7556}") = "Benchmark", "Benchmark\Benchmark.csproj", "{0AF3FF6F-1E5B-4667-B798-239F588FF04D}"
EndProject
Project("{9A19103F-16F7-4668-BE54-9A1E7A4F7556}") = "Portal", "Portal\Portal.csproj", "{FFABD664-570C-4D40-B8B9-2B18C3880A4B}"
EndProject
Project("{9A19103F-16F7-4668-BE54-9A1E7A4F7556}") = "Data", "Data\Data.csproj", "{421825FF-EAAE-4625-8D31-C04AAFE9471A}"
EndProject
Project("{FAE04EC0-301F-11D3-BF4B-00C04F79EFBC}") = "MapGeneratorDurationTest", "MapGeneratorDurationTest\MapGeneratorDurationTest.csproj", "{C3DA6A76-25D3-4CD8-812E-F68141EFF6C4}"
EndProject
Project("{2150E333-8FDC-42A3-9474-1A3956D46DE8}") = "Tools", "Tools", "{19E7D084-05F0-4CD4-B3AB-CA1C46B5D39D}"
EndProject
Project("{2150E333-8FDC-42A3-9474-1A3956D46DE8}") = "Bot", "Bot", "{BCA37CDB-9364-4B47-B615-365D56E9E543}"
EndProject
Project("{FAE04EC0-301F-11D3-BF4B-00C04F79EFBC}") = "Bot", "Bot\ExampleCSharp\Bot.csproj", "{0FEF1EC6-9F26-4398-8D18-5F0C1EF08EDA}"
EndProject
Project("{FAE04EC0-301F-11D3-BF4B-00C04F79EFBC}") = "FastBot", "Bot\CompleteCSharp\FastBot.csproj", "{26A95039-4518-2366-38B4-46A33A228346}"
EndProject
Project("{FAE04EC0-301F-11D3-BF4B-00C04F79EFBC}") = "ProtoStripper", "ProtoStripper\ProtoStripper.csproj", "{EA1BCDE8-4FFF-46E0-ACE9-83AC39607EC8}"
EndProject
Global
	GlobalSection(SolutionConfigurationPlatforms) = preSolution
		Debug|Any CPU = Debug|Any CPU
		Release|Any CPU = Release|Any CPU
	EndGlobalSection
	GlobalSection(ProjectConfigurationPlatforms) = postSolution
		{33F57798-AE0C-4332-9DE7-3767882B5161}.Debug|Any CPU.ActiveCfg = Debug|Any CPU
		{33F57798-AE0C-4332-9DE7-3767882B5161}.Debug|Any CPU.Build.0 = Debug|Any CPU
		{33F57798-AE0C-4332-9DE7-3767882B5161}.Release|Any CPU.ActiveCfg = Release|Any CPU
		{33F57798-AE0C-4332-9DE7-3767882B5161}.Release|Any CPU.Build.0 = Release|Any CPU
		{B28F7859-038A-4837-A177-8452A1FE129A}.Debug|Any CPU.ActiveCfg = Debug|Any CPU
		{B28F7859-038A-4837-A177-8452A1FE129A}.Debug|Any CPU.Build.0 = Debug|Any CPU
		{B28F7859-038A-4837-A177-8452A1FE129A}.Release|Any CPU.ActiveCfg = Release|Any CPU
		{B28F7859-038A-4837-A177-8452A1FE129A}.Release|Any CPU.Build.0 = Release|Any CPU
		{6A21DEFC-AAE7-42A7-A48D-227FF00E85E6}.Debug|Any CPU.ActiveCfg = Debug|Any CPU
		{6A21DEFC-AAE7-42A7-A48D-227FF00E85E6}.Debug|Any CPU.Build.0 = Debug|Any CPU
		{6A21DEFC-AAE7-42A7-A48D-227FF00E85E6}.Release|Any CPU.ActiveCfg = Release|Any CPU
		{6A21DEFC-AAE7-42A7-A48D-227FF00E85E6}.Release|Any CPU.Build.0 = Release|Any CPU
		{887F1F89-0130-46AB-A2E0-B1A75C8E8288}.Debug|Any CPU.ActiveCfg = Debug|Any CPU
		{887F1F89-0130-46AB-A2E0-B1A75C8E8288}.Debug|Any CPU.Build.0 = Debug|Any CPU
		{887F1F89-0130-46AB-A2E0-B1A75C8E8288}.Release|Any CPU.ActiveCfg = Release|Any CPU
		{887F1F89-0130-46AB-A2E0-B1A75C8E8288}.Release|Any CPU.Build.0 = Release|Any CPU
		{195B94C4-DBFC-4069-AFFB-7862F0E97730}.Debug|Any CPU.ActiveCfg = Debug|Any CPU
		{195B94C4-DBFC-4069-AFFB-7862F0E97730}.Debug|Any CPU.Build.0 = Debug|Any CPU
		{195B94C4-DBFC-4069-AFFB-7862F0E97730}.Release|Any CPU.ActiveCfg = Release|Any CPU
		{195B94C4-DBFC-4069-AFFB-7862F0E97730}.Release|Any CPU.Build.0 = Release|Any CPU
		{3081AB81-5FC5-41DE-8B51-1F944C079657}.Debug|Any CPU.ActiveCfg = Debug|Any CPU
		{3081AB81-5FC5-41DE-8B51-1F944C079657}.Debug|Any CPU.Build.0 = Debug|Any CPU
		{3081AB81-5FC5-41DE-8B51-1F944C079657}.Release|Any CPU.ActiveCfg = Release|Any CPU
		{3081AB81-5FC5-41DE-8B51-1F944C079657}.Release|Any CPU.Build.0 = Release|Any CPU
		{367F2769-6C1D-496E-8E99-71187E602D18}.Debug|Any CPU.ActiveCfg = Debug|Any CPU
		{367F2769-6C1D-496E-8E99-71187E602D18}.Debug|Any CPU.Build.0 = Debug|Any CPU
		{367F2769-6C1D-496E-8E99-71187E602D18}.Release|Any CPU.ActiveCfg = Release|Any CPU
		{367F2769-6C1D-496E-8E99-71187E602D18}.Release|Any CPU.Build.0 = Release|Any CPU
		{9FC0D75A-6FC9-45B8-B430-0E1CACF0090E}.Debug|Any CPU.ActiveCfg = Debug|Any CPU
		{9FC0D75A-6FC9-45B8-B430-0E1CACF0090E}.Debug|Any CPU.Build.0 = Debug|Any CPU
		{9FC0D75A-6FC9-45B8-B430-0E1CACF0090E}.Release|Any CPU.ActiveCfg = Release|Any CPU
		{9FC0D75A-6FC9-45B8-B430-0E1CACF0090E}.Release|Any CPU.Build.0 = Release|Any CPU
		{0AF3FF6F-1E5B-4667-B798-239F588FF04D}.Debug|Any CPU.ActiveCfg = Debug|Any CPU
		{0AF3FF6F-1E5B-4667-B798-239F588FF04D}.Debug|Any CPU.Build.0 = Debug|Any CPU
		{0AF3FF6F-1E5B-4667-B798-239F588FF04D}.Release|Any CPU.ActiveCfg = Release|Any CPU
		{0AF3FF6F-1E5B-4667-B798-239F588FF04D}.Release|Any CPU.Build.0 = Release|Any CPU
		{FFABD664-570C-4D40-B8B9-2B18C3880A4B}.Debug|Any CPU.ActiveCfg = Debug|Any CPU
		{FFABD664-570C-4D40-B8B9-2B18C3880A4B}.Debug|Any CPU.Build.0 = Debug|Any CPU
		{FFABD664-570C-4D40-B8B9-2B18C3880A4B}.Release|Any CPU.ActiveCfg = Release|Any CPU
		{FFABD664-570C-4D40-B8B9-2B18C3880A4B}.Release|Any CPU.Build.0 = Release|Any CPU
		{421825FF-EAAE-4625-8D31-C04AAFE9471A}.Debug|Any CPU.ActiveCfg = Debug|Any CPU
		{421825FF-EAAE-4625-8D31-C04AAFE9471A}.Debug|Any CPU.Build.0 = Debug|Any CPU
		{421825FF-EAAE-4625-8D31-C04AAFE9471A}.Release|Any CPU.ActiveCfg = Release|Any CPU
		{421825FF-EAAE-4625-8D31-C04AAFE9471A}.Release|Any CPU.Build.0 = Release|Any CPU
		{C3DA6A76-25D3-4CD8-812E-F68141EFF6C4}.Debug|Any CPU.ActiveCfg = Debug|Any CPU
		{C3DA6A76-25D3-4CD8-812E-F68141EFF6C4}.Debug|Any CPU.Build.0 = Debug|Any CPU
		{C3DA6A76-25D3-4CD8-812E-F68141EFF6C4}.Release|Any CPU.ActiveCfg = Release|Any CPU
		{C3DA6A76-25D3-4CD8-812E-F68141EFF6C4}.Release|Any CPU.Build.0 = Release|Any CPU
		{0FEF1EC6-9F26-4398-8D18-5F0C1EF08EDA}.Debug|Any CPU.ActiveCfg = Debug|Any CPU
		{0FEF1EC6-9F26-4398-8D18-5F0C1EF08EDA}.Debug|Any CPU.Build.0 = Debug|Any CPU
		{0FEF1EC6-9F26-4398-8D18-5F0C1EF08EDA}.Release|Any CPU.ActiveCfg = Release|Any CPU
		{0FEF1EC6-9F26-4398-8D18-5F0C1EF08EDA}.Release|Any CPU.Build.0 = Release|Any CPU
		{26A95039-4518-2366-38B4-46A33A228346}.Debug|Any CPU.ActiveCfg = Debug|Any CPU
		{26A95039-4518-2366-38B4-46A33A228346}.Debug|Any CPU.Build.0 = Debug|Any CPU
		{26A95039-4518-2366-38B4-46A33A228346}.Release|Any CPU.ActiveCfg = Release|Any CPU
		{26A95039-4518-2366-38B4-46A33A228346}.Release|Any CPU.Build.0 = Release|Any CPU
		{EA1BCDE8-4FFF-46E0-ACE9-83AC39607EC8}.Debug|Any CPU.ActiveCfg = Debug|Any CPU
		{EA1BCDE8-4FFF-46E0-ACE9-83AC39607EC8}.Debug|Any CPU.Build.0 = Debug|Any CPU
		{EA1BCDE8-4FFF-46E0-ACE9-83AC39607EC8}.Release|Any CPU.ActiveCfg = Release|Any CPU
		{EA1BCDE8-4FFF-46E0-ACE9-83AC39607EC8}.Release|Any CPU.Build.0 = Release|Any CPU
	EndGlobalSection
	GlobalSection(SolutionProperties) = preSolution
		HideSolutionNode = FALSE
	EndGlobalSection
	GlobalSection(NestedProjects) = preSolution
		{B28F7859-038A-4837-A177-8452A1FE129A} = {19E7D084-05F0-4CD4-B3AB-CA1C46B5D39D}
		{0AF3FF6F-1E5B-4667-B798-239F588FF04D} = {19E7D084-05F0-4CD4-B3AB-CA1C46B5D39D}
		{C3DA6A76-25D3-4CD8-812E-F68141EFF6C4} = {19E7D084-05F0-4CD4-B3AB-CA1C46B5D39D}
		{0FEF1EC6-9F26-4398-8D18-5F0C1EF08EDA} = {BCA37CDB-9364-4B47-B615-365D56E9E543}
		{26A95039-4518-2366-38B4-46A33A228346} = {BCA37CDB-9364-4B47-B615-365D56E9E543}
		{EA1BCDE8-4FFF-46E0-ACE9-83AC39607EC8} = {19E7D084-05F0-4CD4-B3AB-CA1C46B5D39D}
	EndGlobalSection
	GlobalSection(ExtensibilityGlobals) = postSolution
		SolutionGuid = {7EF7B68E-BCA9-4AC4-9371-A3A796DCB073}
	EndGlobalSection
EndGlobal
